
Microsoft Visual Studio Solution File, Format Version 12.00
# Visual Studio Version 17
VisualStudioVersion = 17.0.31903.59
MinimumVisualStudioVersion = 10.0.40219.1
Project("{FAE04EC0-301F-11D3-BF4B-00C04F79EFBC}") = "API", "API\API.csproj", "{96A470E4-B4BC-4030-A840-7978F14EDEE6}"
EndProject
Project("{FAE04EC0-301F-11D3-BF4B-00C04F79EFBC}") = "Application", "Application\Application.csproj", "{1AC874C7-EC8A-454F-BA19-E1033DCC331A}"
EndProject
Project("{FAE04EC0-301F-11D3-BF4B-00C04F79EFBC}") = "Domain", "Domain\Domain.csproj", "{CAD8D430-E465-47AB-96BA-59B5D6439821}"
EndProject
Project("{FAE04EC0-301F-11D3-BF4B-00C04F79EFBC}") = "Persistence", "Persistence\Persistence.csproj", "{09CF2A31-F185-4E99-A4FA-FF3080CDAA54}"
EndProject
Global
	GlobalSection(SolutionConfigurationPlatforms) = preSolution
		Debug|Any CPU = Debug|Any CPU
		Release|Any CPU = Release|Any CPU
	EndGlobalSection
	GlobalSection(SolutionProperties) = preSolution
		HideSolutionNode = FALSE
	EndGlobalSection
	GlobalSection(ProjectConfigurationPlatforms) = postSolution
		{96A470E4-B4BC-4030-A840-7978F14EDEE6}.Debug|Any CPU.ActiveCfg = Debug|Any CPU
		{96A470E4-B4BC-4030-A840-7978F14EDEE6}.Debug|Any CPU.Build.0 = Debug|Any CPU
		{96A470E4-B4BC-4030-A840-7978F14EDEE6}.Release|Any CPU.ActiveCfg = Release|Any CPU
		{96A470E4-B4BC-4030-A840-7978F14EDEE6}.Release|Any CPU.Build.0 = Release|Any CPU
		{1AC874C7-EC8A-454F-BA19-E1033DCC331A}.Debug|Any CPU.ActiveCfg = Debug|Any CPU
		{1AC874C7-EC8A-454F-BA19-E1033DCC331A}.Debug|Any CPU.Build.0 = Debug|Any CPU
		{1AC874C7-EC8A-454F-BA19-E1033DCC331A}.Release|Any CPU.ActiveCfg = Release|Any CPU
		{1AC874C7-EC8A-454F-BA19-E1033DCC331A}.Release|Any CPU.Build.0 = Release|Any CPU
		{CAD8D430-E465-47AB-96BA-59B5D6439821}.Debug|Any CPU.ActiveCfg = Debug|Any CPU
		{CAD8D430-E465-47AB-96BA-59B5D6439821}.Debug|Any CPU.Build.0 = Debug|Any CPU
		{CAD8D430-E465-47AB-96BA-59B5D6439821}.Release|Any CPU.ActiveCfg = Release|Any CPU
		{CAD8D430-E465-47AB-96BA-59B5D6439821}.Release|Any CPU.Build.0 = Release|Any CPU
		{09CF2A31-F185-4E99-A4FA-FF3080CDAA54}.Debug|Any CPU.ActiveCfg = Debug|Any CPU
		{09CF2A31-F185-4E99-A4FA-FF3080CDAA54}.Debug|Any CPU.Build.0 = Debug|Any CPU
		{09CF2A31-F185-4E99-A4FA-FF3080CDAA54}.Release|Any CPU.ActiveCfg = Release|Any CPU
		{09CF2A31-F185-4E99-A4FA-FF3080CDAA54}.Release|Any CPU.Build.0 = Release|Any CPU
	EndGlobalSection
EndGlobal
